// !$*UTF8*$!
{
	archiveVersion = 1;
	classes = {
	};
	objectVersion = 55;
	objects = {

/* Begin PBXBuildFile section */
		66808EE1285E474100342B5F /* SampleProjectApp.swift in Sources */ = {isa = PBXBuildFile; fileRef = 66808ED1285E473F00342B5F /* SampleProjectApp.swift */; };
		66808EE2285E474100342B5F /* SampleProjectApp.swift in Sources */ = {isa = PBXBuildFile; fileRef = 66808ED1285E473F00342B5F /* SampleProjectApp.swift */; };
		66808EE3285E474100342B5F /* ListView.swift in Sources */ = {isa = PBXBuildFile; fileRef = 66808ED2285E473F00342B5F /* ListView.swift */; };
		66808EE4285E474100342B5F /* ListView.swift in Sources */ = {isa = PBXBuildFile; fileRef = 66808ED2285E473F00342B5F /* ListView.swift */; };
		66808EE5285E474100342B5F /* Assets.xcassets in Resources */ = {isa = PBXBuildFile; fileRef = 66808ED3285E474100342B5F /* Assets.xcassets */; };
		66808EE6285E474100342B5F /* Assets.xcassets in Resources */ = {isa = PBXBuildFile; fileRef = 66808ED3285E474100342B5F /* Assets.xcassets */; };
		66808EF2285E47B900342B5F /* CloudKit.framework in Frameworks */ = {isa = PBXBuildFile; fileRef = 66808EF1285E47B900342B5F /* CloudKit.framework */; };
		66808EF5285E482D00342B5F /* Model.xcdatamodeld in Sources */ = {isa = PBXBuildFile; fileRef = 66808EF3285E482D00342B5F /* Model.xcdatamodeld */; };
		66808EF6285E482D00342B5F /* Model.xcdatamodeld in Sources */ = {isa = PBXBuildFile; fileRef = 66808EF3285E482D00342B5F /* Model.xcdatamodeld */; };
		66808EF8285E48A600342B5F /* ViewModel.swift in Sources */ = {isa = PBXBuildFile; fileRef = 66808EF7285E48A600342B5F /* ViewModel.swift */; };
		66808EF9285E48A600342B5F /* ViewModel.swift in Sources */ = {isa = PBXBuildFile; fileRef = 66808EF7285E48A600342B5F /* ViewModel.swift */; };
		66808EFB285E4E2600342B5F /* ItemView.swift in Sources */ = {isa = PBXBuildFile; fileRef = 66808EFA285E4E2600342B5F /* ItemView.swift */; };
		66808EFC285E4E2600342B5F /* ItemView.swift in Sources */ = {isa = PBXBuildFile; fileRef = 66808EFA285E4E2600342B5F /* ItemView.swift */; };
/* End PBXBuildFile section */

/* Begin PBXFileReference section */
		66808ED1285E473F00342B5F /* SampleProjectApp.swift */ = {isa = PBXFileReference; lastKnownFileType = sourcecode.swift; path = SampleProjectApp.swift; sourceTree = "<group>"; };
		66808ED2285E473F00342B5F /* ListView.swift */ = {isa = PBXFileReference; lastKnownFileType = sourcecode.swift; path = ListView.swift; sourceTree = "<group>"; };
		66808ED3285E474100342B5F /* Assets.xcassets */ = {isa = PBXFileReference; lastKnownFileType = folder.assetcatalog; path = Assets.xcassets; sourceTree = "<group>"; };
		66808ED8285E474100342B5F /* SampleProject.app */ = {isa = PBXFileReference; explicitFileType = wrapper.application; includeInIndex = 0; path = SampleProject.app; sourceTree = BUILT_PRODUCTS_DIR; };
		66808EDE285E474100342B5F /* SampleProject.app */ = {isa = PBXFileReference; explicitFileType = wrapper.application; includeInIndex = 0; path = SampleProject.app; sourceTree = BUILT_PRODUCTS_DIR; };
		66808EE0285E474100342B5F /* macOS.entitlements */ = {isa = PBXFileReference; lastKnownFileType = text.plist.entitlements; path = macOS.entitlements; sourceTree = "<group>"; };
		66808EEF285E479F00342B5F /* SampleProject (iOS).entitlements */ = {isa = PBXFileReference; lastKnownFileType = text.plist.entitlements; path = "SampleProject (iOS).entitlements"; sourceTree = "<group>"; };
		66808EF1285E47B900342B5F /* CloudKit.framework */ = {isa = PBXFileReference; lastKnownFileType = wrapper.framework; name = CloudKit.framework; path = Platforms/iPhoneOS.platform/Developer/SDKs/iPhoneOS15.4.sdk/System/Library/Frameworks/CloudKit.framework; sourceTree = DEVELOPER_DIR; };
		66808EF4285E482D00342B5F /* Model.xcdatamodel */ = {isa = PBXFileReference; lastKnownFileType = wrapper.xcdatamodel; path = Model.xcdatamodel; sourceTree = "<group>"; };
		66808EF7285E48A600342B5F /* ViewModel.swift */ = {isa = PBXFileReference; lastKnownFileType = sourcecode.swift; path = ViewModel.swift; sourceTree = "<group>"; };
		66808EFA285E4E2600342B5F /* ItemView.swift */ = {isa = PBXFileReference; lastKnownFileType = sourcecode.swift; path = ItemView.swift; sourceTree = "<group>"; };
/* End PBXFileReference section */

/* Begin PBXFrameworksBuildPhase section */
		66808ED5285E474100342B5F /* Frameworks */ = {
			isa = PBXFrameworksBuildPhase;
			buildActionMask = 2147483647;
			files = (
				66808EF2285E47B900342B5F /* CloudKit.framework in Frameworks */,
			);
			runOnlyForDeploymentPostprocessing = 0;
		};
		66808EDB285E474100342B5F /* Frameworks */ = {
			isa = PBXFrameworksBuildPhase;
			buildActionMask = 2147483647;
			files = (
			);
			runOnlyForDeploymentPostprocessing = 0;
		};
/* End PBXFrameworksBuildPhase section */

/* Begin PBXGroup section */
		66808ECB285E473F00342B5F = {
			isa = PBXGroup;
			children = (
				66808EEF285E479F00342B5F /* SampleProject (iOS).entitlements */,
				66808ED0285E473F00342B5F /* Shared */,
				66808EDF285E474100342B5F /* macOS */,
				66808ED9285E474100342B5F /* Products */,
				66808EF0285E47B900342B5F /* Frameworks */,
			);
			sourceTree = "<group>";
		};
		66808ED0285E473F00342B5F /* Shared */ = {
			isa = PBXGroup;
			children = (
				66808ED1285E473F00342B5F /* SampleProjectApp.swift */,
				66808ED2285E473F00342B5F /* ListView.swift */,
				66808EFA285E4E2600342B5F /* ItemView.swift */,
				66808EF7285E48A600342B5F /* ViewModel.swift */,
				66808EF3285E482D00342B5F /* Model.xcdatamodeld */,
				66808ED3285E474100342B5F /* Assets.xcassets */,
			);
			path = Shared;
			sourceTree = "<group>";
		};
		66808ED9285E474100342B5F /* Products */ = {
			isa = PBXGroup;
			children = (
				66808ED8285E474100342B5F /* SampleProject.app */,
				66808EDE285E474100342B5F /* SampleProject.app */,
			);
			name = Products;
			sourceTree = "<group>";
		};
		66808EDF285E474100342B5F /* macOS */ = {
			isa = PBXGroup;
			children = (
				66808EE0285E474100342B5F /* macOS.entitlements */,
			);
			path = macOS;
			sourceTree = "<group>";
		};
		66808EF0285E47B900342B5F /* Frameworks */ = {
			isa = PBXGroup;
			children = (
				66808EF1285E47B900342B5F /* CloudKit.framework */,
			);
			name = Frameworks;
			sourceTree = "<group>";
		};
/* End PBXGroup section */

/* Begin PBXNativeTarget section */
		66808ED7285E474100342B5F /* SampleProject (iOS) */ = {
			isa = PBXNativeTarget;
			buildConfigurationList = 66808EE9285E474100342B5F /* Build configuration list for PBXNativeTarget "SampleProject (iOS)" */;
			buildPhases = (
				66808ED4285E474100342B5F /* Sources */,
				66808ED5285E474100342B5F /* Frameworks */,
				66808ED6285E474100342B5F /* Resources */,
			);
			buildRules = (
			);
			dependencies = (
			);
			name = "SampleProject (iOS)";
			productName = "SampleProject (iOS)";
			productReference = 66808ED8285E474100342B5F /* SampleProject.app */;
			productType = "com.apple.product-type.application";
		};
		66808EDD285E474100342B5F /* SampleProject (macOS) */ = {
			isa = PBXNativeTarget;
			buildConfigurationList = 66808EEC285E474100342B5F /* Build configuration list for PBXNativeTarget "SampleProject (macOS)" */;
			buildPhases = (
				66808EDA285E474100342B5F /* Sources */,
				66808EDB285E474100342B5F /* Frameworks */,
				66808EDC285E474100342B5F /* Resources */,
			);
			buildRules = (
			);
			dependencies = (
			);
			name = "SampleProject (macOS)";
			productName = "SampleProject (macOS)";
			productReference = 66808EDE285E474100342B5F /* SampleProject.app */;
			productType = "com.apple.product-type.application";
		};
/* End PBXNativeTarget section */

/* Begin PBXProject section */
		66808ECC285E473F00342B5F /* Project object */ = {
			isa = PBXProject;
			attributes = {
				BuildIndependentTargetsInParallel = 1;
				LastSwiftUpdateCheck = 1330;
				LastUpgradeCheck = 1330;
				TargetAttributes = {
					66808ED7285E474100342B5F = {
						CreatedOnToolsVersion = 13.3.1;
					};
					66808EDD285E474100342B5F = {
						CreatedOnToolsVersion = 13.3.1;
					};
				};
			};
			buildConfigurationList = 66808ECF285E473F00342B5F /* Build configuration list for PBXProject "SampleProject" */;
			compatibilityVersion = "Xcode 13.0";
			developmentRegion = en;
			hasScannedForEncodings = 0;
			knownRegions = (
				en,
				Base,
			);
			mainGroup = 66808ECB285E473F00342B5F;
			productRefGroup = 66808ED9285E474100342B5F /* Products */;
			projectDirPath = "";
			projectRoot = "";
			targets = (
				66808ED7285E474100342B5F /* SampleProject (iOS) */,
				66808EDD285E474100342B5F /* SampleProject (macOS) */,
			);
		};
/* End PBXProject section */

/* Begin PBXResourcesBuildPhase section */
		66808ED6285E474100342B5F /* Resources */ = {
			isa = PBXResourcesBuildPhase;
			buildActionMask = 2147483647;
			files = (
				66808EE5285E474100342B5F /* Assets.xcassets in Resources */,
			);
			runOnlyForDeploymentPostprocessing = 0;
		};
		66808EDC285E474100342B5F /* Resources */ = {
			isa = PBXResourcesBuildPhase;
			buildActionMask = 2147483647;
			files = (
				66808EE6285E474100342B5F /* Assets.xcassets in Resources */,
			);
			runOnlyForDeploymentPostprocessing = 0;
		};
/* End PBXResourcesBuildPhase section */

/* Begin PBXSourcesBuildPhase section */
		66808ED4285E474100342B5F /* Sources */ = {
			isa = PBXSourcesBuildPhase;
			buildActionMask = 2147483647;
			files = (
				66808EE3285E474100342B5F /* ListView.swift in Sources */,
				66808EE1285E474100342B5F /* SampleProjectApp.swift in Sources */,
				66808EF8285E48A600342B5F /* ViewModel.swift in Sources */,
				66808EFB285E4E2600342B5F /* ItemView.swift in Sources */,
				66808EF5285E482D00342B5F /* Model.xcdatamodeld in Sources */,
			);
			runOnlyForDeploymentPostprocessing = 0;
		};
		66808EDA285E474100342B5F /* Sources */ = {
			isa = PBXSourcesBuildPhase;
			buildActionMask = 2147483647;
			files = (
				66808EE4285E474100342B5F /* ListView.swift in Sources */,
				66808EE2285E474100342B5F /* SampleProjectApp.swift in Sources */,
				66808EF9285E48A600342B5F /* ViewModel.swift in Sources */,
				66808EFC285E4E2600342B5F /* ItemView.swift in Sources */,
				66808EF6285E482D00342B5F /* Model.xcdatamodeld in Sources */,
			);
			runOnlyForDeploymentPostprocessing = 0;
		};
/* End PBXSourcesBuildPhase section */

/* Begin XCBuildConfiguration section */
		66808EE7285E474100342B5F /* Debug */ = {
			isa = XCBuildConfiguration;
			buildSettings = {
				ALWAYS_SEARCH_USER_PATHS = NO;
				CLANG_ANALYZER_NONNULL = YES;
				CLANG_ANALYZER_NUMBER_OBJECT_CONVERSION = YES_AGGRESSIVE;
				CLANG_CXX_LANGUAGE_STANDARD = "gnu++17";
				CLANG_ENABLE_MODULES = YES;
				CLANG_ENABLE_OBJC_ARC = YES;
				CLANG_ENABLE_OBJC_WEAK = YES;
				CLANG_WARN_BLOCK_CAPTURE_AUTORELEASING = YES;
				CLANG_WARN_BOOL_CONVERSION = YES;
				CLANG_WARN_COMMA = YES;
				CLANG_WARN_CONSTANT_CONVERSION = YES;
				CLANG_WARN_DEPRECATED_OBJC_IMPLEMENTATIONS = YES;
				CLANG_WARN_DIRECT_OBJC_ISA_USAGE = YES_ERROR;
				CLANG_WARN_DOCUMENTATION_COMMENTS = YES;
				CLANG_WARN_EMPTY_BODY = YES;
				CLANG_WARN_ENUM_CONVERSION = YES;
				CLANG_WARN_INFINITE_RECURSION = YES;
				CLANG_WARN_INT_CONVERSION = YES;
				CLANG_WARN_NON_LITERAL_NULL_CONVERSION = YES;
				CLANG_WARN_OBJC_IMPLICIT_RETAIN_SELF = YES;
				CLANG_WARN_OBJC_LITERAL_CONVERSION = YES;
				CLANG_WARN_OBJC_ROOT_CLASS = YES_ERROR;
				CLANG_WARN_QUOTED_INCLUDE_IN_FRAMEWORK_HEADER = YES;
				CLANG_WARN_RANGE_LOOP_ANALYSIS = YES;
				CLANG_WARN_STRICT_PROTOTYPES = YES;
				CLANG_WARN_SUSPICIOUS_MOVE = YES;
				CLANG_WARN_UNGUARDED_AVAILABILITY = YES_AGGRESSIVE;
				CLANG_WARN_UNREACHABLE_CODE = YES;
				CLANG_WARN__DUPLICATE_METHOD_MATCH = YES;
				COPY_PHASE_STRIP = NO;
				DEBUG_INFORMATION_FORMAT = dwarf;
				ENABLE_STRICT_OBJC_MSGSEND = YES;
				ENABLE_TESTABILITY = YES;
				GCC_C_LANGUAGE_STANDARD = gnu11;
				GCC_DYNAMIC_NO_PIC = NO;
				GCC_NO_COMMON_BLOCKS = YES;
				GCC_OPTIMIZATION_LEVEL = 0;
				GCC_PREPROCESSOR_DEFINITIONS = (
					"DEBUG=1",
					"$(inherited)",
				);
				GCC_WARN_64_TO_32_BIT_CONVERSION = YES;
				GCC_WARN_ABOUT_RETURN_TYPE = YES_ERROR;
				GCC_WARN_UNDECLARED_SELECTOR = YES;
				GCC_WARN_UNINITIALIZED_AUTOS = YES_AGGRESSIVE;
				GCC_WARN_UNUSED_FUNCTION = YES;
				GCC_WARN_UNUSED_VARIABLE = YES;
				MTL_ENABLE_DEBUG_INFO = INCLUDE_SOURCE;
				MTL_FAST_MATH = YES;
				ONLY_ACTIVE_ARCH = YES;
				SWIFT_ACTIVE_COMPILATION_CONDITIONS = DEBUG;
				SWIFT_OPTIMIZATION_LEVEL = "-Onone";
			};
			name = Debug;
		};
		66808EE8285E474100342B5F /* Release */ = {
			isa = XCBuildConfiguration;
			buildSettings = {
				ALWAYS_SEARCH_USER_PATHS = NO;
				CLANG_ANALYZER_NONNULL = YES;
				CLANG_ANALYZER_NUMBER_OBJECT_CONVERSION = YES_AGGRESSIVE;
				CLANG_CXX_LANGUAGE_STANDARD = "gnu++17";
				CLANG_ENABLE_MODULES = YES;
				CLANG_ENABLE_OBJC_ARC = YES;
				CLANG_ENABLE_OBJC_WEAK = YES;
				CLANG_WARN_BLOCK_CAPTURE_AUTORELEASING = YES;
				CLANG_WARN_BOOL_CONVERSION = YES;
				CLANG_WARN_COMMA = YES;
				CLANG_WARN_CONSTANT_CONVERSION = YES;
				CLANG_WARN_DEPRECATED_OBJC_IMPLEMENTATIONS = YES;
				CLANG_WARN_DIRECT_OBJC_ISA_USAGE = YES_ERROR;
				CLANG_WARN_DOCUMENTATION_COMMENTS = YES;
				CLANG_WARN_EMPTY_BODY = YES;
				CLANG_WARN_ENUM_CONVERSION = YES;
				CLANG_WARN_INFINITE_RECURSION = YES;
				CLANG_WARN_INT_CONVERSION = YES;
				CLANG_WARN_NON_LITERAL_NULL_CONVERSION = YES;
				CLANG_WARN_OBJC_IMPLICIT_RETAIN_SELF = YES;
				CLANG_WARN_OBJC_LITERAL_CONVERSION = YES;
				CLANG_WARN_OBJC_ROOT_CLASS = YES_ERROR;
				CLANG_WARN_QUOTED_INCLUDE_IN_FRAMEWORK_HEADER = YES;
				CLANG_WARN_RANGE_LOOP_ANALYSIS = YES;
				CLANG_WARN_STRICT_PROTOTYPES = YES;
				CLANG_WARN_SUSPICIOUS_MOVE = YES;
				CLANG_WARN_UNGUARDED_AVAILABILITY = YES_AGGRESSIVE;
				CLANG_WARN_UNREACHABLE_CODE = YES;
				CLANG_WARN__DUPLICATE_METHOD_MATCH = YES;
				COPY_PHASE_STRIP = NO;
				DEBUG_INFORMATION_FORMAT = "dwarf-with-dsym";
				ENABLE_NS_ASSERTIONS = NO;
				ENABLE_STRICT_OBJC_MSGSEND = YES;
				GCC_C_LANGUAGE_STANDARD = gnu11;
				GCC_NO_COMMON_BLOCKS = YES;
				GCC_WARN_64_TO_32_BIT_CONVERSION = YES;
				GCC_WARN_ABOUT_RETURN_TYPE = YES_ERROR;
				GCC_WARN_UNDECLARED_SELECTOR = YES;
				GCC_WARN_UNINITIALIZED_AUTOS = YES_AGGRESSIVE;
				GCC_WARN_UNUSED_FUNCTION = YES;
				GCC_WARN_UNUSED_VARIABLE = YES;
				MTL_ENABLE_DEBUG_INFO = NO;
				MTL_FAST_MATH = YES;
				SWIFT_COMPILATION_MODE = wholemodule;
				SWIFT_OPTIMIZATION_LEVEL = "-O";
			};
			name = Release;
		};
		66808EEA285E474100342B5F /* Debug */ = {
			isa = XCBuildConfiguration;
			buildSettings = {
				ASSETCATALOG_COMPILER_APPICON_NAME = AppIcon;
				ASSETCATALOG_COMPILER_GLOBAL_ACCENT_COLOR_NAME = AccentColor;
				CODE_SIGN_ENTITLEMENTS = "SampleProject (iOS).entitlements";
				CODE_SIGN_STYLE = Automatic;
				CURRENT_PROJECT_VERSION = 1;
				DEVELOPMENT_TEAM = 9V8NZSA93W;
				ENABLE_PREVIEWS = YES;
				GENERATE_INFOPLIST_FILE = YES;
				INFOPLIST_KEY_UIApplicationSceneManifest_Generation = YES;
				INFOPLIST_KEY_UIApplicationSupportsIndirectInputEvents = YES;
				INFOPLIST_KEY_UILaunchScreen_Generation = YES;
				INFOPLIST_KEY_UISupportedInterfaceOrientations_iPad = "UIInterfaceOrientationPortrait UIInterfaceOrientationPortraitUpsideDown UIInterfaceOrientationLandscapeLeft UIInterfaceOrientationLandscapeRight";
				INFOPLIST_KEY_UISupportedInterfaceOrientations_iPhone = "UIInterfaceOrientationPortrait UIInterfaceOrientationLandscapeLeft UIInterfaceOrientationLandscapeRight";
				IPHONEOS_DEPLOYMENT_TARGET = 15.4;
				LD_RUNPATH_SEARCH_PATHS = (
					"$(inherited)",
					"@executable_path/Frameworks",
				);
				MARKETING_VERSION = 1.0;
				PRODUCT_BUNDLE_IDENTIFIER = com.patagol.sample.SampleProject;
				PRODUCT_NAME = SampleProject;
				SDKROOT = iphoneos;
				SUPPORTS_MACCATALYST = YES;
				SWIFT_EMIT_LOC_STRINGS = YES;
				SWIFT_VERSION = 5.0;
				TARGETED_DEVICE_FAMILY = "1,2";
			};
			name = Debug;
		};
		66808EEB285E474100342B5F /* Release */ = {
			isa = XCBuildConfiguration;
			buildSettings = {
				ASSETCATALOG_COMPILER_APPICON_NAME = AppIcon;
				ASSETCATALOG_COMPILER_GLOBAL_ACCENT_COLOR_NAME = AccentColor;
				CODE_SIGN_ENTITLEMENTS = "SampleProject (iOS).entitlements";
				CODE_SIGN_STYLE = Automatic;
				CURRENT_PROJECT_VERSION = 1;
				DEVELOPMENT_TEAM = 9V8NZSA93W;
				ENABLE_PREVIEWS = YES;
				GENERATE_INFOPLIST_FILE = YES;
				INFOPLIST_KEY_UIApplicationSceneManifest_Generation = YES;
				INFOPLIST_KEY_UIApplicationSupportsIndirectInputEvents = YES;
				INFOPLIST_KEY_UILaunchScreen_Generation = YES;
				INFOPLIST_KEY_UISupportedInterfaceOrientations_iPad = "UIInterfaceOrientationPortrait UIInterfaceOrientationPortraitUpsideDown UIInterfaceOrientationLandscapeLeft UIInterfaceOrientationLandscapeRight";
				INFOPLIST_KEY_UISupportedInterfaceOrientations_iPhone = "UIInterfaceOrientationPortrait UIInterfaceOrientationLandscapeLeft UIInterfaceOrientationLandscapeRight";
				IPHONEOS_DEPLOYMENT_TARGET = 15.4;
				LD_RUNPATH_SEARCH_PATHS = (
					"$(inherited)",
					"@executable_path/Frameworks",
				);
				MARKETING_VERSION = 1.0;
				PRODUCT_BUNDLE_IDENTIFIER = com.patagol.sample.SampleProject;
				PRODUCT_NAME = SampleProject;
				SDKROOT = iphoneos;
				SUPPORTS_MACCATALYST = YES;
				SWIFT_EMIT_LOC_STRINGS = YES;
				SWIFT_VERSION = 5.0;
				TARGETED_DEVICE_FAMILY = "1,2";
				VALIDATE_PRODUCT = YES;
			};
			name = Release;
		};
		66808EED285E474100342B5F /* Debug */ = {
			isa = XCBuildConfiguration;
			buildSettings = {
				ASSETCATALOG_COMPILER_APPICON_NAME = AppIcon;
				ASSETCATALOG_COMPILER_GLOBAL_ACCENT_COLOR_NAME = AccentColor;
				CODE_SIGN_ENTITLEMENTS = macOS/macOS.entitlements;
				CODE_SIGN_STYLE = Automatic;
				COMBINE_HIDPI_IMAGES = YES;
				CURRENT_PROJECT_VERSION = 1;
				DEVELOPMENT_TEAM = 9V8NZSA93W;
				ENABLE_HARDENED_RUNTIME = YES;
				ENABLE_PREVIEWS = YES;
				GENERATE_INFOPLIST_FILE = YES;
				INFOPLIST_KEY_NSHumanReadableCopyright = "";
				LD_RUNPATH_SEARCH_PATHS = (
					"$(inherited)",
					"@executable_path/../Frameworks",
				);
				MACOSX_DEPLOYMENT_TARGET = 12.3;
				MARKETING_VERSION = 1.0;
				PRODUCT_BUNDLE_IDENTIFIER = com.patagol.sample.SampleProject;
				PRODUCT_NAME = SampleProject;
				SDKROOT = macosx;
				SWIFT_EMIT_LOC_STRINGS = YES;
				SWIFT_VERSION = 5.0;
			};
			name = Debug;
		};
		66808EEE285E474100342B5F /* Release */ = {
			isa = XCBuildConfiguration;
			buildSettings = {
				ASSETCATALOG_COMPILER_APPICON_NAME = AppIcon;
				ASSETCATALOG_COMPILER_GLOBAL_ACCENT_COLOR_NAME = AccentColor;
				CODE_SIGN_ENTITLEMENTS = macOS/macOS.entitlements;
				CODE_SIGN_STYLE = Automatic;
				COMBINE_HIDPI_IMAGES = YES;
				CURRENT_PROJECT_VERSION = 1;
				DEVELOPMENT_TEAM = 9V8NZSA93W;
				ENABLE_HARDENED_RUNTIME = YES;
				ENABLE_PREVIEWS = YES;
				GENERATE_INFOPLIST_FILE = YES;
				INFOPLIST_KEY_NSHumanReadableCopyright = "";
				LD_RUNPATH_SEARCH_PATHS = (
					"$(inherited)",
					"@executable_path/../Frameworks",
				);
				MACOSX_DEPLOYMENT_TARGET = 12.3;
				MARKETING_VERSION = 1.0;
				PRODUCT_BUNDLE_IDENTIFIER = com.patagol.sample.SampleProject;
				PRODUCT_NAME = SampleProject;
				SDKROOT = macosx;
				SWIFT_EMIT_LOC_STRINGS = YES;
				SWIFT_VERSION = 5.0;
			};
			name = Release;
		};
/* End XCBuildConfiguration section */

/* Begin XCConfigurationList section */
		66808ECF285E473F00342B5F /* Build configuration list for PBXProject "SampleProject" */ = {
			isa = XCConfigurationList;
			buildConfigurations = (
				66808EE7285E474100342B5F /* Debug */,
				66808EE8285E474100342B5F /* Release */,
			);
			defaultConfigurationIsVisible = 0;
			defaultConfigurationName = Release;
		};
		66808EE9285E474100342B5F /* Build configuration list for PBXNativeTarget "SampleProject (iOS)" */ = {
			isa = XCConfigurationList;
			buildConfigurations = (
				66808EEA285E474100342B5F /* Debug */,
				66808EEB285E474100342B5F /* Release */,
			);
			defaultConfigurationIsVisible = 0;
			defaultConfigurationName = Release;
		};
		66808EEC285E474100342B5F /* Build configuration list for PBXNativeTarget "SampleProject (macOS)" */ = {
			isa = XCConfigurationList;
			buildConfigurations = (
				66808EED285E474100342B5F /* Debug */,
				66808EEE285E474100342B5F /* Release */,
			);
			defaultConfigurationIsVisible = 0;
			defaultConfigurationName = Release;
		};
/* End XCConfigurationList section */

/* Begin XCVersionGroup section */
		66808EF3285E482D00342B5F /* Model.xcdatamodeld */ = {
			isa = XCVersionGroup;
			children = (
				66808EF4285E482D00342B5F /* Model.xcdatamodel */,
			);
			currentVersion = 66808EF4285E482D00342B5F /* Model.xcdatamodel */;
			path = Model.xcdatamodeld;
			sourceTree = "<group>";
			versionGroupType = wrapper.xcdatamodel;
		};
/* End XCVersionGroup section */
	};
	rootObject = 66808ECC285E473F00342B5F /* Project object */;
}
